// !$*UTF8*$!
{
	archiveVersion = 1;
	classes = {
	};
	objectVersion = 46;
	objects = {

/* Begin PBXBuildFile section */
		2A1089D21F8CE4F5001ECACB /* AppDelegate.swift in Sources */ = {isa = PBXBuildFile; fileRef = 2A1089D11F8CE4F5001ECACB /* AppDelegate.swift */; };
		2A1089D41F8CE4F5001ECACB /* ViewController.swift in Sources */ = {isa = PBXBuildFile; fileRef = 2A1089D31F8CE4F5001ECACB /* ViewController.swift */; };
		2A1089D71F8CE4F5001ECACB /* Main.storyboard in Resources */ = {isa = PBXBuildFile; fileRef = 2A1089D51F8CE4F5001ECACB /* Main.storyboard */; };
		2A1089DA1F8CE4F5001ECACB /* devslopes_social.xcdatamodeld in Sources */ = {isa = PBXBuildFile; fileRef = 2A1089D81F8CE4F5001ECACB /* devslopes_social.xcdatamodeld */; };
		2A1089DC1F8CE4F5001ECACB /* Assets.xcassets in Resources */ = {isa = PBXBuildFile; fileRef = 2A1089DB1F8CE4F5001ECACB /* Assets.xcassets */; };
		2A1089DF1F8CE4F5001ECACB /* LaunchScreen.storyboard in Resources */ = {isa = PBXBuildFile; fileRef = 2A1089DD1F8CE4F5001ECACB /* LaunchScreen.storyboard */; };
/* End PBXBuildFile section */

/* Begin PBXFileReference section */
		2A1089CE1F8CE4F5001ECACB /* devslopes-social.app */ = {isa = PBXFileReference; explicitFileType = wrapper.application; includeInIndex = 0; path = "devslopes-social.app"; sourceTree = BUILT_PRODUCTS_DIR; };
		2A1089D11F8CE4F5001ECACB /* AppDelegate.swift */ = {isa = PBXFileReference; lastKnownFileType = sourcecode.swift; path = AppDelegate.swift; sourceTree = "<group>"; };
		2A1089D31F8CE4F5001ECACB /* ViewController.swift */ = {isa = PBXFileReference; lastKnownFileType = sourcecode.swift; path = ViewController.swift; sourceTree = "<group>"; };
		2A1089D61F8CE4F5001ECACB /* Base */ = {isa = PBXFileReference; lastKnownFileType = file.storyboard; name = Base; path = Base.lproj/Main.storyboard; sourceTree = "<group>"; };
		2A1089D91F8CE4F5001ECACB /* devslopes_social.xcdatamodel */ = {isa = PBXFileReference; lastKnownFileType = wrapper.xcdatamodel; path = devslopes_social.xcdatamodel; sourceTree = "<group>"; };
		2A1089DB1F8CE4F5001ECACB /* Assets.xcassets */ = {isa = PBXFileReference; lastKnownFileType = folder.assetcatalog; path = Assets.xcassets; sourceTree = "<group>"; };
		2A1089DE1F8CE4F5001ECACB /* Base */ = {isa = PBXFileReference; lastKnownFileType = file.storyboard; name = Base; path = Base.lproj/LaunchScreen.storyboard; sourceTree = "<group>"; };
		2A1089E01F8CE4F5001ECACB /* Info.plist */ = {isa = PBXFileReference; lastKnownFileType = text.plist.xml; path = Info.plist; sourceTree = "<group>"; };
/* End PBXFileReference section */

/* Begin PBXFrameworksBuildPhase section */
		2A1089CB1F8CE4F5001ECACB /* Frameworks */ = {
			isa = PBXFrameworksBuildPhase;
			buildActionMask = 2147483647;
			files = (
			);
			runOnlyForDeploymentPostprocessing = 0;
		};
/* End PBXFrameworksBuildPhase section */

/* Begin PBXGroup section */
		2A1089C51F8CE4F5001ECACB = {
			isa = PBXGroup;
			children = (
				2A1089D01F8CE4F5001ECACB /* devslopes-social */,
				2A1089CF1F8CE4F5001ECACB /* Products */,
			);
			sourceTree = "<group>";
		};
		2A1089CF1F8CE4F5001ECACB /* Products */ = {
			isa = PBXGroup;
			children = (
				2A1089CE1F8CE4F5001ECACB /* devslopes-social.app */,
			);
			name = Products;
			sourceTree = "<group>";
		};
		2A1089D01F8CE4F5001ECACB /* devslopes-social */ = {
			isa = PBXGroup;
			children = (
				2A1089D11F8CE4F5001ECACB /* AppDelegate.swift */,
				2A1089D31F8CE4F5001ECACB /* ViewController.swift */,
				2A1089D51F8CE4F5001ECACB /* Main.storyboard */,
				2A1089DB1F8CE4F5001ECACB /* Assets.xcassets */,
				2A1089DD1F8CE4F5001ECACB /* LaunchScreen.storyboard */,
				2A1089E01F8CE4F5001ECACB /* Info.plist */,
				2A1089D81F8CE4F5001ECACB /* devslopes_social.xcdatamodeld */,
			);
			path = "devslopes-social";
			sourceTree = "<group>";
		};
/* End PBXGroup section */

/* Begin PBXNativeTarget section */
		2A1089CD1F8CE4F5001ECACB /* devslopes-social */ = {
			isa = PBXNativeTarget;
			buildConfigurationList = 2A1089E31F8CE4F5001ECACB /* Build configuration list for PBXNativeTarget "devslopes-social" */;
			buildPhases = (
				2A1089CA1F8CE4F5001ECACB /* Sources */,
				2A1089CB1F8CE4F5001ECACB /* Frameworks */,
				2A1089CC1F8CE4F5001ECACB /* Resources */,
			);
			buildRules = (
			);
			dependencies = (
			);
			name = "devslopes-social";
			productName = "devslopes-social";
			productReference = 2A1089CE1F8CE4F5001ECACB /* devslopes-social.app */;
			productType = "com.apple.product-type.application";
		};
/* End PBXNativeTarget section */

/* Begin PBXProject section */
		2A1089C61F8CE4F5001ECACB /* Project object */ = {
			isa = PBXProject;
			attributes = {
				LastSwiftUpdateCheck = 0830;
				LastUpgradeCheck = 0830;
				ORGANIZATIONNAME = "Abhi Ram";
				TargetAttributes = {
					2A1089CD1F8CE4F5001ECACB = {
						CreatedOnToolsVersion = 8.3.2;
						ProvisioningStyle = Automatic;
					};
				};
			};
			buildConfigurationList = 2A1089C91F8CE4F5001ECACB /* Build configuration list for PBXProject "devslopes-social" */;
			compatibilityVersion = "Xcode 3.2";
			developmentRegion = English;
			hasScannedForEncodings = 0;
			knownRegions = (
				en,
				Base,
			);
			mainGroup = 2A1089C51F8CE4F5001ECACB;
			productRefGroup = 2A1089CF1F8CE4F5001ECACB /* Products */;
			projectDirPath = "";
			projectRoot = "";
			targets = (
				2A1089CD1F8CE4F5001ECACB /* devslopes-social */,
			);
		};
/* End PBXProject section */

/* Begin PBXResourcesBuildPhase section */
		2A1089CC1F8CE4F5001ECACB /* Resources */ = {
			isa = PBXResourcesBuildPhase;
			buildActionMask = 2147483647;
			files = (
				2A1089DF1F8CE4F5001ECACB /* LaunchScreen.storyboard in Resources */,
				2A1089DC1F8CE4F5001ECACB /* Assets.xcassets in Resources */,
				2A1089D71F8CE4F5001ECACB /* Main.storyboard in Resources */,
			);
			runOnlyForDeploymentPostprocessing = 0;
		};
/* End PBXResourcesBuildPhase section */

/* Begin PBXSourcesBuildPhase section */
		2A1089CA1F8CE4F5001ECACB /* Sources */ = {
			isa = PBXSourcesBuildPhase;
			buildActionMask = 2147483647;
			files = (
				2A1089D41F8CE4F5001ECACB /* ViewController.swift in Sources */,
				2A1089D21F8CE4F5001ECACB /* AppDelegate.swift in Sources */,
				2A1089DA1F8CE4F5001ECACB /* devslopes_social.xcdatamodeld in Sources */,
			);
			runOnlyForDeploymentPostprocessing = 0;
		};
/* End PBXSourcesBuildPhase section */

/* Begin PBXVariantGroup section */
		2A1089D51F8CE4F5001ECACB /* Main.storyboard */ = {
			isa = PBXVariantGroup;
			children = (
				2A1089D61F8CE4F5001ECACB /* Base */,
			);
			name = Main.storyboard;
			sourceTree = "<group>";
		};
		2A1089DD1F8CE4F5001ECACB /* LaunchScreen.storyboard */ = {
			isa = PBXVariantGroup;
			children = (
				2A1089DE1F8CE4F5001ECACB /* Base */,
			);
			name = LaunchScreen.storyboard;
			sourceTree = "<group>";
		};
/* End PBXVariantGroup section */

/* Begin XCBuildConfiguration section */
		2A1089E11F8CE4F5001ECACB /* Debug */ = {
			isa = XCBuildConfiguration;
			buildSettings = {
				ALWAYS_SEARCH_USER_PATHS = NO;
				CLANG_ANALYZER_NONNULL = YES;
				CLANG_ANALYZER_NUMBER_OBJECT_CONVERSION = YES_AGGRESSIVE;
				CLANG_CXX_LANGUAGE_STANDARD = "gnu++0x";
				CLANG_CXX_LIBRARY = "libc++";
				CLANG_ENABLE_MODULES = YES;
				CLANG_ENABLE_OBJC_ARC = YES;
				CLANG_WARN_BOOL_CONVERSION = YES;
				CLANG_WARN_CONSTANT_CONVERSION = YES;
				CLANG_WARN_DIRECT_OBJC_ISA_USAGE = YES_ERROR;
				CLANG_WARN_DOCUMENTATION_COMMENTS = YES;
				CLANG_WARN_EMPTY_BODY = YES;
				CLANG_WARN_ENUM_CONVERSION = YES;
				CLANG_WARN_INFINITE_RECURSION = YES;
				CLANG_WARN_INT_CONVERSION = YES;
				CLANG_WARN_OBJC_ROOT_CLASS = YES_ERROR;
				CLANG_WARN_SUSPICIOUS_MOVE = YES;
				CLANG_WARN_UNREACHABLE_CODE = YES;
				CLANG_WARN__DUPLICATE_METHOD_MATCH = YES;
				"CODE_SIGN_IDENTITY[sdk=iphoneos*]" = "iPhone Developer";
				COPY_PHASE_STRIP = NO;
				DEBUG_INFORMATION_FORMAT = dwarf;
				ENABLE_STRICT_OBJC_MSGSEND = YES;
				ENABLE_TESTABILITY = YES;
				GCC_C_LANGUAGE_STANDARD = gnu99;
				GCC_DYNAMIC_NO_PIC = NO;
				GCC_NO_COMMON_BLOCKS = YES;
				GCC_OPTIMIZATION_LEVEL = 0;
				GCC_PREPROCESSOR_DEFINITIONS = (
					"DEBUG=1",
					"$(inherited)",
				);
				GCC_WARN_64_TO_32_BIT_CONVERSION = YES;
				GCC_WARN_ABOUT_RETURN_TYPE = YES_ERROR;
				GCC_WARN_UNDECLARED_SELECTOR = YES;
				GCC_WARN_UNINITIALIZED_AUTOS = YES_AGGRESSIVE;
				GCC_WARN_UNUSED_FUNCTION = YES;
				GCC_WARN_UNUSED_VARIABLE = YES;
				IPHONEOS_DEPLOYMENT_TARGET = 10.3;
				MTL_ENABLE_DEBUG_INFO = YES;
				ONLY_ACTIVE_ARCH = YES;
				SDKROOT = iphoneos;
				SWIFT_ACTIVE_COMPILATION_CONDITIONS = DEBUG;
				SWIFT_OPTIMIZATION_LEVEL = "-Onone";
				TARGETED_DEVICE_FAMILY = "1,2";
			};
			name = Debug;
		};
		2A1089E21F8CE4F5001ECACB /* Release */ = {
			isa = XCBuildConfiguration;
			buildSettings = {
				ALWAYS_SEARCH_USER_PATHS = NO;
				CLANG_ANALYZER_NONNULL = YES;
				CLANG_ANALYZER_NUMBER_OBJECT_CONVERSION = YES_AGGRESSIVE;
				CLANG_CXX_LANGUAGE_STANDARD = "gnu++0x";
				CLANG_CXX_LIBRARY = "libc++";
				CLANG_ENABLE_MODULES = YES;
				CLANG_ENABLE_OBJC_ARC = YES;
				CLANG_WARN_BOOL_CONVERSION = YES;
				CLANG_WARN_CONSTANT_CONVERSION = YES;
				CLANG_WARN_DIRECT_OBJC_ISA_USAGE = YES_ERROR;
				CLANG_WARN_DOCUMENTATION_COMMENTS = YES;
				CLANG_WARN_EMPTY_BODY = YES;
				CLANG_WARN_ENUM_CONVERSION = YES;
				CLANG_WARN_INFINITE_RECURSION = YES;
				CLANG_WARN_INT_CONVERSION = YES;
				CLANG_WARN_OBJC_ROOT_CLASS = YES_ERROR;
				CLANG_WARN_SUSPICIOUS_MOVE = YES;
				CLANG_WARN_UNREACHABLE_CODE = YES;
				CLANG_WARN__DUPLICATE_METHOD_MATCH = YES;
				"CODE_SIGN_IDENTITY[sdk=iphoneos*]" = "iPhone Developer";
				COPY_PHASE_STRIP = NO;
				DEBUG_INFORMATION_FORMAT = "dwarf-with-dsym";
				ENABLE_NS_ASSERTIONS = NO;
				ENABLE_STRICT_OBJC_MSGSEND = YES;
				GCC_C_LANGUAGE_STANDARD = gnu99;
				GCC_NO_COMMON_BLOCKS = YES;
				GCC_WARN_64_TO_32_BIT_CONVERSION = YES;
				GCC_WARN_ABOUT_RETURN_TYPE = YES_ERROR;
				GCC_WARN_UNDECLARED_SELECTOR = YES;
				GCC_WARN_UNINITIALIZED_AUTOS = YES_AGGRESSIVE;
				GCC_WARN_UNUSED_FUNCTION = YES;
				GCC_WARN_UNUSED_VARIABLE = YES;
				IPHONEOS_DEPLOYMENT_TARGET = 10.3;
				MTL_ENABLE_DEBUG_INFO = NO;
				SDKROOT = iphoneos;
				SWIFT_OPTIMIZATION_LEVEL = "-Owholemodule";
				TARGETED_DEVICE_FAMILY = "1,2";
				VALIDATE_PRODUCT = YES;
			};
			name = Release;
		};
		2A1089E41F8CE4F5001ECACB /* Debug */ = {
			isa = XCBuildConfiguration;
			buildSettings = {
				ASSETCATALOG_COMPILER_APPICON_NAME = AppIcon;
				INFOPLIST_FILE = "devslopes-social/Info.plist";
				LD_RUNPATH_SEARCH_PATHS = "$(inherited) @executable_path/Frameworks";
				PRODUCT_BUNDLE_IDENTIFIER = "abhi.devslopes-social";
				PRODUCT_NAME = "$(TARGET_NAME)";
				SWIFT_VERSION = 3.0;
			};
			name = Debug;
		};
		2A1089E51F8CE4F5001ECACB /* Release */ = {
			isa = XCBuildConfiguration;
			buildSettings = {
				ASSETCATALOG_COMPILER_APPICON_NAME = AppIcon;
				INFOPLIST_FILE = "devslopes-social/Info.plist";
				LD_RUNPATH_SEARCH_PATHS = "$(inherited) @executable_path/Frameworks";
				PRODUCT_BUNDLE_IDENTIFIER = "abhi.devslopes-social";
				PRODUCT_NAME = "$(TARGET_NAME)";
				SWIFT_VERSION = 3.0;
			};
			name = Release;
		};
/* End XCBuildConfiguration section */

/* Begin XCConfigurationList section */
		2A1089C91F8CE4F5001ECACB /* Build configuration list for PBXProject "devslopes-social" */ = {
			isa = XCConfigurationList;
			buildConfigurations = (
				2A1089E11F8CE4F5001ECACB /* Debug */,
				2A1089E21F8CE4F5001ECACB /* Release */,
			);
			defaultConfigurationIsVisible = 0;
			defaultConfigurationName = Release;
		};
		2A1089E31F8CE4F5001ECACB /* Build configuration list for PBXNativeTarget "devslopes-social" */ = {
			isa = XCConfigurationList;
			buildConfigurations = (
				2A1089E41F8CE4F5001ECACB /* Debug */,
				2A1089E51F8CE4F5001ECACB /* Release */,
			);
			defaultConfigurationIsVisible = 0;
		};
/* End XCConfigurationList section */

/* Begin XCVersionGroup section */
		2A1089D81F8CE4F5001ECACB /* devslopes_social.xcdatamodeld */ = {
			isa = XCVersionGroup;
			children = (
				2A1089D91F8CE4F5001ECACB /* devslopes_social.xcdatamodel */,
			);
			currentVersion = 2A1089D91F8CE4F5001ECACB /* devslopes_social.xcdatamodel */;
			path = devslopes_social.xcdatamodeld;
			sourceTree = "<group>";
			versionGroupType = wrapper.xcdatamodel;
		};
/* End XCVersionGroup section */
	};
	rootObject = 2A1089C61F8CE4F5001ECACB /* Project object */;
}
